// !$*UTF8*$!
{
	archiveVersion = 1;
	classes = {
	};
	objectVersion = 45;
	objects = {

/* Begin PBXBuildFile section */
		8D5B49B0048680CD000E48DA /* InfoPlist.strings in Resources */ = {isa = PBXBuildFile; fileRef = 089C167DFE841241C02AAC07 /* InfoPlist.strings */; };
		D4174D99111250CD00ACF917 /* NPAdiumPlugin.m in Sources */ = {isa = PBXBuildFile; fileRef = D4174D98111250CD00ACF917 /* NPAdiumPlugin.m */; };
		D4525DA51141A4F900D7BBC8 /* TCMPortMapper.framework in Frameworks */ = {isa = PBXBuildFile; fileRef = D4525DA41141A4F900D7BBC8 /* TCMPortMapper.framework */; settings = {ATTRIBUTES = (Required, ); }; };
		D4525E2F1141AD6500D7BBC8 /* TCMPortMapper.framework in CopyFiles */ = {isa = PBXBuildFile; fileRef = D4525DA41141A4F900D7BBC8 /* TCMPortMapper.framework */; };
		D46CF16E1172C2D000571920 /* PairCodeEntry.xib in Resources */ = {isa = PBXBuildFile; fileRef = D46CF16D1172C2D000571920 /* PairCodeEntry.xib */; };
		D46CF1741172C43200571920 /* NPPairCodeEntry.m in Sources */ = {isa = PBXBuildFile; fileRef = D46CF1731172C43200571920 /* NPPairCodeEntry.m */; };
		D478E382115AC07E00BAF04C /* AIUtilities.framework in Frameworks */ = {isa = PBXBuildFile; fileRef = D478E381115AC07E00BAF04C /* AIUtilities.framework */; };
		D49FEB5D134D2BDB00FD85B9 /* Remodium.png in Resources */ = {isa = PBXBuildFile; fileRef = D49FEB5C134D2BDB00FD85B9 /* Remodium.png */; };
		D4A9F6D5132968CD0043A231 /* NPRemodium.framework in Frameworks */ = {isa = PBXBuildFile; fileRef = D4A9F6D4132968CD0043A231 /* NPRemodium.framework */; };
		D4A9F6D81329713F0043A231 /* NPRemodium.framework in CopyFiles */ = {isa = PBXBuildFile; fileRef = D4A9F6D4132968CD0043A231 /* NPRemodium.framework */; };
		D4E82D3A111A8A420073B219 /* Adium.framework in Frameworks */ = {isa = PBXBuildFile; fileRef = D41AFC561112533600DF51FF /* Adium.framework */; };
		D4E82D3C111A8A420073B219 /* Cocoa.framework in Frameworks */ = {isa = PBXBuildFile; fileRef = 1058C7ADFEA557BF11CA2CBB /* Cocoa.framework */; };
		D4E82D3D111A8A420073B219 /* AppKit.framework in Frameworks */ = {isa = PBXBuildFile; fileRef = 089C167FFE841241C02AAC07 /* AppKit.framework */; };
		D4E82D3E111A8A420073B219 /* CoreData.framework in Frameworks */ = {isa = PBXBuildFile; fileRef = D2F7E65807B2D6F200F64583 /* CoreData.framework */; };
		D4E82D3F111A8A420073B219 /* Foundation.framework in Frameworks */ = {isa = PBXBuildFile; fileRef = 089C1672FE841209C02AAC07 /* Foundation.framework */; };
/* End PBXBuildFile section */

/* Begin PBXCopyFilesBuildPhase section */
		D4525EB11141B23500D7BBC8 /* CopyFiles */ = {
			isa = PBXCopyFilesBuildPhase;
			buildActionMask = 2147483647;
			dstPath = "";
			dstSubfolderSpec = 10;
			files = (
				D4525E2F1141AD6500D7BBC8 /* TCMPortMapper.framework in CopyFiles */,
				D4A9F6D81329713F0043A231 /* NPRemodium.framework in CopyFiles */,
			);
			runOnlyForDeploymentPostprocessing = 0;
		};
/* End PBXCopyFilesBuildPhase section */

/* Begin PBXFileReference section */
		089C1672FE841209C02AAC07 /* Foundation.framework */ = {isa = PBXFileReference; lastKnownFileType = wrapper.framework; name = Foundation.framework; path = /System/Library/Frameworks/Foundation.framework; sourceTree = "<absolute>"; };
		089C167EFE841241C02AAC07 /* English */ = {isa = PBXFileReference; fileEncoding = 10; lastKnownFileType = text.plist.strings; name = English; path = English.lproj/InfoPlist.strings; sourceTree = "<group>"; };
		089C167FFE841241C02AAC07 /* AppKit.framework */ = {isa = PBXFileReference; lastKnownFileType = wrapper.framework; name = AppKit.framework; path = /System/Library/Frameworks/AppKit.framework; sourceTree = "<absolute>"; };
		1058C7ADFEA557BF11CA2CBB /* Cocoa.framework */ = {isa = PBXFileReference; lastKnownFileType = wrapper.framework; name = Cocoa.framework; path = /System/Library/Frameworks/Cocoa.framework; sourceTree = "<absolute>"; };
		32DBCF630370AF2F00C91783 /* Remodium_Prefix.pch */ = {isa = PBXFileReference; fileEncoding = 4; lastKnownFileType = sourcecode.c.h; path = Remodium_Prefix.pch; sourceTree = "<group>"; };
		8D5B49B6048680CD000E48DA /* Remodium.AdiumPlugin */ = {isa = PBXFileReference; explicitFileType = wrapper.cfbundle; includeInIndex = 0; path = Remodium.AdiumPlugin; sourceTree = BUILT_PRODUCTS_DIR; };
		8D5B49B7048680CD000E48DA /* Info.plist */ = {isa = PBXFileReference; fileEncoding = 4; lastKnownFileType = text.plist.xml; path = Info.plist; sourceTree = "<group>"; };
		D2F7E65807B2D6F200F64583 /* CoreData.framework */ = {isa = PBXFileReference; lastKnownFileType = wrapper.framework; name = CoreData.framework; path = /System/Library/Frameworks/CoreData.framework; sourceTree = "<absolute>"; };
		D4174D97111250CD00ACF917 /* NPAdiumPlugin.h */ = {isa = PBXFileReference; fileEncoding = 4; lastKnownFileType = sourcecode.c.h; path = NPAdiumPlugin.h; sourceTree = "<group>"; };
		D4174D98111250CD00ACF917 /* NPAdiumPlugin.m */ = {isa = PBXFileReference; fileEncoding = 4; lastKnownFileType = sourcecode.c.objc; path = NPAdiumPlugin.m; sourceTree = "<group>"; };
		D41AFC561112533600DF51FF /* Adium.framework */ = {isa = PBXFileReference; lastKnownFileType = wrapper.framework; path = Adium.framework; sourceTree = "<group>"; };
		D4525DA41141A4F900D7BBC8 /* TCMPortMapper.framework */ = {isa = PBXFileReference; lastKnownFileType = wrapper.framework; path = TCMPortMapper.framework; sourceTree = "<group>"; };
		D46CF16D1172C2D000571920 /* PairCodeEntry.xib */ = {isa = PBXFileReference; lastKnownFileType = file.xib; path = PairCodeEntry.xib; sourceTree = "<group>"; };
		D46CF1721172C43200571920 /* NPPairCodeEntry.h */ = {isa = PBXFileReference; fileEncoding = 4; lastKnownFileType = sourcecode.c.h; path = NPPairCodeEntry.h; sourceTree = "<group>"; };
		D46CF1731172C43200571920 /* NPPairCodeEntry.m */ = {isa = PBXFileReference; fileEncoding = 4; lastKnownFileType = sourcecode.c.objc; path = NPPairCodeEntry.m; sourceTree = "<group>"; };
		D478E381115AC07E00BAF04C /* AIUtilities.framework */ = {isa = PBXFileReference; lastKnownFileType = wrapper.framework; path = AIUtilities.framework; sourceTree = "<group>"; };
		D49FEB5C134D2BDB00FD85B9 /* Remodium.png */ = {isa = PBXFileReference; lastKnownFileType = image.png; path = Remodium.png; sourceTree = "<group>"; };
		D4A9F6D4132968CD0043A231 /* NPRemodium.framework */ = {isa = PBXFileReference; lastKnownFileType = wrapper.framework; name = NPRemodium.framework; path = ../../../../../Xcode/Builds/Products/Release/NPRemodium.framework; sourceTree = "<group>"; };
/* End PBXFileReference section */

/* Begin PBXFrameworksBuildPhase section */
		8D5B49B3048680CD000E48DA /* Frameworks */ = {
			isa = PBXFrameworksBuildPhase;
			buildActionMask = 2147483647;
			files = (
				D4E82D3A111A8A420073B219 /* Adium.framework in Frameworks */,
				D4E82D3C111A8A420073B219 /* Cocoa.framework in Frameworks */,
				D4E82D3D111A8A420073B219 /* AppKit.framework in Frameworks */,
				D4E82D3E111A8A420073B219 /* CoreData.framework in Frameworks */,
				D4E82D3F111A8A420073B219 /* Foundation.framework in Frameworks */,
				D4525DA51141A4F900D7BBC8 /* TCMPortMapper.framework in Frameworks */,
				D478E382115AC07E00BAF04C /* AIUtilities.framework in Frameworks */,
				D4A9F6D5132968CD0043A231 /* NPRemodium.framework in Frameworks */,
			);
			runOnlyForDeploymentPostprocessing = 0;
		};
/* End PBXFrameworksBuildPhase section */

/* Begin PBXGroup section */
		089C166AFE841209C02AAC07 /* Remodium */ = {
			isa = PBXGroup;
			children = (
				08FB77AFFE84173DC02AAC07 /* Classes */,
				32C88E010371C26100C91783 /* Other Sources */,
				089C167CFE841241C02AAC07 /* Resources */,
				089C1671FE841209C02AAC07 /* Frameworks */,
				19C28FB8FE9D52D311CA2CBB /* Products */,
			);
			name = Remodium;
			sourceTree = "<group>";
		};
		089C1671FE841209C02AAC07 /* Frameworks */ = {
			isa = PBXGroup;
			children = (
				D478E381115AC07E00BAF04C /* AIUtilities.framework */,
				D4525DA41141A4F900D7BBC8 /* TCMPortMapper.framework */,
				D4A9F6D4132968CD0043A231 /* NPRemodium.framework */,
				D41AFC561112533600DF51FF /* Adium.framework */,
				1058C7ACFEA557BF11CA2CBB /* Linked Frameworks */,
				1058C7AEFEA557BF11CA2CBB /* Other Frameworks */,
			);
			path = Frameworks;
			sourceTree = "<group>";
		};
		089C167CFE841241C02AAC07 /* Resources */ = {
			isa = PBXGroup;
			children = (
				D49FEB5C134D2BDB00FD85B9 /* Remodium.png */,
				8D5B49B7048680CD000E48DA /* Info.plist */,
				089C167DFE841241C02AAC07 /* InfoPlist.strings */,
				D46CF16D1172C2D000571920 /* PairCodeEntry.xib */,
			);
			name = Resources;
			sourceTree = "<group>";
		};
		08FB77AFFE84173DC02AAC07 /* Classes */ = {
			isa = PBXGroup;
			children = (
				D4174D97111250CD00ACF917 /* NPAdiumPlugin.h */,
				D4174D98111250CD00ACF917 /* NPAdiumPlugin.m */,
				D46CF1721172C43200571920 /* NPPairCodeEntry.h */,
				D46CF1731172C43200571920 /* NPPairCodeEntry.m */,
			);
			path = Classes;
			sourceTree = "<group>";
		};
		1058C7ACFEA557BF11CA2CBB /* Linked Frameworks */ = {
			isa = PBXGroup;
			children = (
				1058C7ADFEA557BF11CA2CBB /* Cocoa.framework */,
			);
			name = "Linked Frameworks";
			sourceTree = "<group>";
		};
		1058C7AEFEA557BF11CA2CBB /* Other Frameworks */ = {
			isa = PBXGroup;
			children = (
				089C167FFE841241C02AAC07 /* AppKit.framework */,
				D2F7E65807B2D6F200F64583 /* CoreData.framework */,
				089C1672FE841209C02AAC07 /* Foundation.framework */,
			);
			name = "Other Frameworks";
			sourceTree = "<group>";
		};
		19C28FB8FE9D52D311CA2CBB /* Products */ = {
			isa = PBXGroup;
			children = (
				8D5B49B6048680CD000E48DA /* Remodium.AdiumPlugin */,
			);
			name = Products;
			sourceTree = "<group>";
		};
		32C88E010371C26100C91783 /* Other Sources */ = {
			isa = PBXGroup;
			children = (
				32DBCF630370AF2F00C91783 /* Remodium_Prefix.pch */,
			);
			name = "Other Sources";
			sourceTree = "<group>";
		};
/* End PBXGroup section */

/* Begin PBXNativeTarget section */
		8D5B49AC048680CD000E48DA /* Remodium */ = {
			isa = PBXNativeTarget;
			buildConfigurationList = 1DEB913A08733D840010E9CD /* Build configuration list for PBXNativeTarget "Remodium" */;
			buildPhases = (
				8D5B49AF048680CD000E48DA /* Resources */,
				8D5B49B1048680CD000E48DA /* Sources */,
				8D5B49B3048680CD000E48DA /* Frameworks */,
				D4525EB11141B23500D7BBC8 /* CopyFiles */,
			);
			buildRules = (
			);
			dependencies = (
			);
			name = Remodium;
			productInstallPath = "$(HOME)/Library/Bundles";
			productName = Remodium;
			productReference = 8D5B49B6048680CD000E48DA /* Remodium.AdiumPlugin */;
			productType = "com.apple.product-type.bundle";
		};
/* End PBXNativeTarget section */

/* Begin PBXProject section */
		089C1669FE841209C02AAC07 /* Project object */ = {
			isa = PBXProject;
			buildConfigurationList = 1DEB913E08733D840010E9CD /* Build configuration list for PBXProject "Remodium" */;
			compatibilityVersion = "Xcode 3.1";
			developmentRegion = English;
			hasScannedForEncodings = 1;
			knownRegions = (
				English,
				Japanese,
				French,
				German,
			);
			mainGroup = 089C166AFE841209C02AAC07 /* Remodium */;
			projectDirPath = "";
			projectRoot = "";
			targets = (
				8D5B49AC048680CD000E48DA /* Remodium */,
			);
		};
/* End PBXProject section */

/* Begin PBXResourcesBuildPhase section */
		8D5B49AF048680CD000E48DA /* Resources */ = {
			isa = PBXResourcesBuildPhase;
			buildActionMask = 2147483647;
			files = (
				8D5B49B0048680CD000E48DA /* InfoPlist.strings in Resources */,
				D46CF16E1172C2D000571920 /* PairCodeEntry.xib in Resources */,
				D49FEB5D134D2BDB00FD85B9 /* Remodium.png in Resources */,
			);
			runOnlyForDeploymentPostprocessing = 0;
		};
/* End PBXResourcesBuildPhase section */

/* Begin PBXSourcesBuildPhase section */
		8D5B49B1048680CD000E48DA /* Sources */ = {
			isa = PBXSourcesBuildPhase;
			buildActionMask = 2147483647;
			files = (
				D4174D99111250CD00ACF917 /* NPAdiumPlugin.m in Sources */,
				D46CF1741172C43200571920 /* NPPairCodeEntry.m in Sources */,
			);
			runOnlyForDeploymentPostprocessing = 0;
		};
/* End PBXSourcesBuildPhase section */

/* Begin PBXVariantGroup section */
		089C167DFE841241C02AAC07 /* InfoPlist.strings */ = {
			isa = PBXVariantGroup;
			children = (
				089C167EFE841241C02AAC07 /* English */,
			);
			name = InfoPlist.strings;
			sourceTree = "<group>";
		};
/* End PBXVariantGroup section */

/* Begin XCBuildConfiguration section */
		1DEB913B08733D840010E9CD /* Debug */ = {
			isa = XCBuildConfiguration;
			buildSettings = {
				ALWAYS_SEARCH_USER_PATHS = NO;
				ARCHS = "$(ARCHS_STANDARD_32_64_BIT)";
				COPY_PHASE_STRIP = NO;
				FRAMEWORK_SEARCH_PATHS = (
					"\"$(SRCROOT)/Frameworks\"",
					"\"$(Build_Folder)/Products/Release\"",
				);
				GCC_DYNAMIC_NO_PIC = NO;
				GCC_ENABLE_FIX_AND_CONTINUE = YES;
				GCC_ENABLE_OBJC_GC = supported;
				GCC_MODEL_TUNING = G5;
				GCC_OPTIMIZATION_LEVEL = 0;
				GCC_PRECOMPILE_PREFIX_HEADER = YES;
				GCC_PREFIX_HEADER = Remodium_Prefix.pch;
				HEADER_SEARCH_PATHS = (
					"\"$(HOME)/Applications/Sources/Adium 1.4/Source\"",
				);
				INFOPLIST_FILE = Info.plist;
				INSTALL_PATH = "\"$(HOME)/Library/Application Support/Adium 2.0/PlugIns/\"";
				LD_RUNPATH_SEARCH_PATHS = "";
				LIBRARY_SEARCH_PATHS = "";
				MACOSX_DEPLOYMENT_TARGET = 10.5;
				ONLY_ACTIVE_ARCH = NO;
				OTHER_CFLAGS = "";
				OTHER_LDFLAGS = (
					"-undefined",
					dynamic_lookup,
				);
				PRODUCT_NAME = Remodium;
				SDKROOT = macosx;
				WRAPPER_EXTENSION = AdiumPlugin;
			};
			name = Debug;
		};
		1DEB913C08733D840010E9CD /* Release */ = {
			isa = XCBuildConfiguration;
			buildSettings = {
				ALWAYS_SEARCH_USER_PATHS = NO;
				ARCHS = "$(ARCHS_STANDARD_32_64_BIT)";
				DEBUG_INFORMATION_FORMAT = "dwarf-with-dsym";
				FRAMEWORK_SEARCH_PATHS = (
					"\"$(SRCROOT)/Frameworks\"",
					"\"$(Build_Folder)/Products/Release\"",
				);
				GCC_ENABLE_OBJC_GC = supported;
				GCC_MODEL_TUNING = G5;
				GCC_PRECOMPILE_PREFIX_HEADER = YES;
				GCC_PREFIX_HEADER = Remodium_Prefix.pch;
				HEADER_SEARCH_PATHS = (
					"\"$(HOME)/Applications/Sources/Adium 1.4/Source\"",
				);
				INFOPLIST_FILE = Info.plist;
				INSTALL_PATH = "\"$(HOME)/Library/Application Support/Adium 2.0/PlugIns/\"";
				LD_RUNPATH_SEARCH_PATHS = "";
				MACOSX_DEPLOYMENT_TARGET = 10.5;
				OTHER_CFLAGS = "";
				PRODUCT_NAME = Remodium;
				SDKROOT = macosx;
				WRAPPER_EXTENSION = AdiumPlugin;
			};
			name = Release;
		};
		1DEB913F08733D840010E9CD /* Debug */ = {
			isa = XCBuildConfiguration;
			buildSettings = {
				ARCHS = "$(ARCHS_STANDARD_32_BIT)";
				FRAMEWORK_SEARCH_PATHS = "";
				GCC_C_LANGUAGE_STANDARD = c99;
				GCC_MODEL_TUNING = G5;
				GCC_OPTIMIZATION_LEVEL = 0;
				GCC_WARN_ABOUT_RETURN_TYPE = YES;
				GCC_WARN_UNUSED_VARIABLE = YES;
				MACOSX_DEPLOYMENT_TARGET = 10.5;
				ONLY_ACTIVE_ARCH = YES;
				PREBINDING = NO;
				SDKROOT = "";
				SYMROOT = "$(Build_Folder)/Products";
			};
			name = Debug;
		};
		1DEB914008733D840010E9CD /* Release */ = {
			isa = XCBuildConfiguration;
			buildSettings = {
				ARCHS = "$(ARCHS_STANDARD_32_64_BIT)";
				GCC_C_LANGUAGE_STANDARD = c99;
				GCC_MODEL_TUNING = G5;
				GCC_WARN_ABOUT_RETURN_TYPE = YES;
				GCC_WARN_UNUSED_VARIABLE = YES;
				MACOSX_DEPLOYMENT_TARGET = 10.5;
				PREBINDING = NO;
				SDKROOT = "";
				SYMROOT = "$(Build_Folder)/Products";
			};
			name = Release;
		};
/* End XCBuildConfiguration section */

/* Begin XCConfigurationList section */
		1DEB913A08733D840010E9CD /* Build configuration list for PBXNativeTarget "Remodium" */ = {
			isa = XCConfigurationList;
			buildConfigurations = (
				1DEB913B08733D840010E9CD /* Debug */,
				1DEB913C08733D840010E9CD /* Release */,
			);
			defaultConfigurationIsVisible = 0;
			defaultConfigurationName = Release;
		};
		1DEB913E08733D840010E9CD /* Build configuration list for PBXProject "Remodium" */ = {
			isa = XCConfigurationList;
			buildConfigurations = (
				1DEB913F08733D840010E9CD /* Debug */,
				1DEB914008733D840010E9CD /* Release */,
			);
			defaultConfigurationIsVisible = 0;
			defaultConfigurationName = Release;
		};
/* End XCConfigurationList section */
	};
	rootObject = 089C1669FE841209C02AAC07 /* Project object */;
}
